
Microsoft Visual Studio Solution File, Format Version 12.00
# Visual Studio 15
VisualStudioVersion = 15.0.28010.2050
MinimumVisualStudioVersion = 10.0.40219.1
Project("{FAE04EC0-301F-11D3-BF4B-00C04F79EFBC}") = "PaysCaptiral", "PaysCaptiral\PaysCaptiral.csproj", "{AF38B31A-5781-43B9-943B-B27A40C9DAD9}"
EndProject
Global
	GlobalSection(SolutionConfigurationPlatforms) = preSolution
		Debug|Any CPU = Debug|Any CPU
		Release|Any CPU = Release|Any CPU
	EndGlobalSection
	GlobalSection(ProjectConfigurationPlatforms) = postSolution
		{AF38B31A-5781-43B9-943B-B27A40C9DAD9}.Debug|Any CPU.ActiveCfg = Debug|Any CPU
		{AF38B31A-5781-43B9-943B-B27A40C9DAD9}.Debug|Any CPU.Build.0 = Debug|Any CPU
		{AF38B31A-5781-43B9-943B-B27A40C9DAD9}.Release|Any CPU.ActiveCfg = Release|Any CPU
		{AF38B31A-5781-43B9-943B-B27A40C9DAD9}.Release|Any CPU.Build.0 = Release|Any CPU
	EndGlobalSection
	GlobalSection(SolutionProperties) = preSolution
		HideSolutionNode = FALSE
	EndGlobalSection
	GlobalSection(ExtensibilityGlobals) = postSolution
		SolutionGuid = {AD671A9F-6B16-4A8F-ABF7-BD2C9E8AD6F8}
	EndGlobalSection
EndGlobal
